// !$*UTF8*$!
{
	archiveVersion = 1;
	classes = {
	};
	objectVersion = 56;
	objects = {

/* Begin PBXBuildFile section */
		AD5129D62C6119E900AB8C53 /* ToDoItemTests.swift in Sources */ = {isa = PBXBuildFile; fileRef = AD5129D52C6119E900AB8C53 /* ToDoItemTests.swift */; };
		AD5129D82C611A1300AB8C53 /* ToDoItem.swift in Sources */ = {isa = PBXBuildFile; fileRef = AD5129D72C611A1300AB8C53 /* ToDoItem.swift */; };
		ADFBADD42C5C0356002F3C63 /* AppDelegate.swift in Sources */ = {isa = PBXBuildFile; fileRef = ADFBADD32C5C0356002F3C63 /* AppDelegate.swift */; };
		ADFBADD62C5C0356002F3C63 /* SceneDelegate.swift in Sources */ = {isa = PBXBuildFile; fileRef = ADFBADD52C5C0356002F3C63 /* SceneDelegate.swift */; };
		ADFBADD82C5C0356002F3C63 /* ViewController.swift in Sources */ = {isa = PBXBuildFile; fileRef = ADFBADD72C5C0356002F3C63 /* ViewController.swift */; };
		ADFBADDB2C5C0356002F3C63 /* Base in Resources */ = {isa = PBXBuildFile; fileRef = ADFBADDA2C5C0356002F3C63 /* Base */; };
		ADFBADDD2C5C0359002F3C63 /* Assets.xcassets in Resources */ = {isa = PBXBuildFile; fileRef = ADFBADDC2C5C0359002F3C63 /* Assets.xcassets */; };
		ADFBADE02C5C0359002F3C63 /* Base in Resources */ = {isa = PBXBuildFile; fileRef = ADFBADDF2C5C0359002F3C63 /* Base */; };
		ADFBADF52C5C0359002F3C63 /* ToDoTestsUITests.swift in Sources */ = {isa = PBXBuildFile; fileRef = ADFBADF42C5C0359002F3C63 /* ToDoTestsUITests.swift */; };
		ADFBADF72C5C0359002F3C63 /* ToDoTestsUITestsLaunchTests.swift in Sources */ = {isa = PBXBuildFile; fileRef = ADFBADF62C5C0359002F3C63 /* ToDoTestsUITestsLaunchTests.swift */; };
/* End PBXBuildFile section */

/* Begin PBXContainerItemProxy section */
		ADFBADE72C5C0359002F3C63 /* PBXContainerItemProxy */ = {
			isa = PBXContainerItemProxy;
			containerPortal = ADFBADC82C5C0356002F3C63 /* Project object */;
			proxyType = 1;
			remoteGlobalIDString = ADFBADCF2C5C0356002F3C63;
			remoteInfo = ToDoTests;
		};
		ADFBADF12C5C0359002F3C63 /* PBXContainerItemProxy */ = {
			isa = PBXContainerItemProxy;
			containerPortal = ADFBADC82C5C0356002F3C63 /* Project object */;
			proxyType = 1;
			remoteGlobalIDString = ADFBADCF2C5C0356002F3C63;
			remoteInfo = ToDoTests;
		};
/* End PBXContainerItemProxy section */

/* Begin PBXFileReference section */
		AD5129D12C61143100AB8C53 /* ToDoTests.xctestplan */ = {isa = PBXFileReference; lastKnownFileType = text; path = ToDoTests.xctestplan; sourceTree = "<group>"; };
		AD5129D42C6119E800AB8C53 /* ToDoTestsTests-Bridging-Header.h */ = {isa = PBXFileReference; lastKnownFileType = sourcecode.c.h; path = "ToDoTestsTests-Bridging-Header.h"; sourceTree = "<group>"; };
		AD5129D52C6119E900AB8C53 /* ToDoItemTests.swift */ = {isa = PBXFileReference; lastKnownFileType = sourcecode.swift; path = ToDoItemTests.swift; sourceTree = "<group>"; };
		AD5129D72C611A1300AB8C53 /* ToDoItem.swift */ = {isa = PBXFileReference; lastKnownFileType = sourcecode.swift; path = ToDoItem.swift; sourceTree = "<group>"; };
		ADFBADD02C5C0356002F3C63 /* ToDoTests.app */ = {isa = PBXFileReference; explicitFileType = wrapper.application; includeInIndex = 0; path = ToDoTests.app; sourceTree = BUILT_PRODUCTS_DIR; };
		ADFBADD32C5C0356002F3C63 /* AppDelegate.swift */ = {isa = PBXFileReference; lastKnownFileType = sourcecode.swift; path = AppDelegate.swift; sourceTree = "<group>"; };
		ADFBADD52C5C0356002F3C63 /* SceneDelegate.swift */ = {isa = PBXFileReference; lastKnownFileType = sourcecode.swift; path = SceneDelegate.swift; sourceTree = "<group>"; };
		ADFBADD72C5C0356002F3C63 /* ViewController.swift */ = {isa = PBXFileReference; lastKnownFileType = sourcecode.swift; path = ViewController.swift; sourceTree = "<group>"; };
		ADFBADDA2C5C0356002F3C63 /* Base */ = {isa = PBXFileReference; lastKnownFileType = file.storyboard; name = Base; path = Base.lproj/Main.storyboard; sourceTree = "<group>"; };
		ADFBADDC2C5C0359002F3C63 /* Assets.xcassets */ = {isa = PBXFileReference; lastKnownFileType = folder.assetcatalog; path = Assets.xcassets; sourceTree = "<group>"; };
		ADFBADDF2C5C0359002F3C63 /* Base */ = {isa = PBXFileReference; lastKnownFileType = file.storyboard; name = Base; path = Base.lproj/LaunchScreen.storyboard; sourceTree = "<group>"; };
		ADFBADE12C5C0359002F3C63 /* Info.plist */ = {isa = PBXFileReference; lastKnownFileType = text.plist.xml; path = Info.plist; sourceTree = "<group>"; };
		ADFBADE62C5C0359002F3C63 /* ToDoTestsTests.xctest */ = {isa = PBXFileReference; explicitFileType = wrapper.cfbundle; includeInIndex = 0; path = ToDoTestsTests.xctest; sourceTree = BUILT_PRODUCTS_DIR; };
		ADFBADF02C5C0359002F3C63 /* ToDoTestsUITests.xctest */ = {isa = PBXFileReference; explicitFileType = wrapper.cfbundle; includeInIndex = 0; path = ToDoTestsUITests.xctest; sourceTree = BUILT_PRODUCTS_DIR; };
		ADFBADF42C5C0359002F3C63 /* ToDoTestsUITests.swift */ = {isa = PBXFileReference; lastKnownFileType = sourcecode.swift; path = ToDoTestsUITests.swift; sourceTree = "<group>"; };
		ADFBADF62C5C0359002F3C63 /* ToDoTestsUITestsLaunchTests.swift */ = {isa = PBXFileReference; lastKnownFileType = sourcecode.swift; path = ToDoTestsUITestsLaunchTests.swift; sourceTree = "<group>"; };
/* End PBXFileReference section */

/* Begin PBXFrameworksBuildPhase section */
		ADFBADCD2C5C0356002F3C63 /* Frameworks */ = {
			isa = PBXFrameworksBuildPhase;
			buildActionMask = 2147483647;
			files = (
			);
			runOnlyForDeploymentPostprocessing = 0;
		};
		ADFBADE32C5C0359002F3C63 /* Frameworks */ = {
			isa = PBXFrameworksBuildPhase;
			buildActionMask = 2147483647;
			files = (
			);
			runOnlyForDeploymentPostprocessing = 0;
		};
		ADFBADED2C5C0359002F3C63 /* Frameworks */ = {
			isa = PBXFrameworksBuildPhase;
			buildActionMask = 2147483647;
			files = (
			);
			runOnlyForDeploymentPostprocessing = 0;
		};
/* End PBXFrameworksBuildPhase section */

/* Begin PBXGroup section */
		ADFBADC72C5C0356002F3C63 = {
			isa = PBXGroup;
			children = (
				AD5129D12C61143100AB8C53 /* ToDoTests.xctestplan */,
				ADFBADD22C5C0356002F3C63 /* ToDoTests */,
				ADFBADE92C5C0359002F3C63 /* ToDoTestsTests */,
				ADFBADF32C5C0359002F3C63 /* ToDoTestsUITests */,
				ADFBADD12C5C0356002F3C63 /* Products */,
			);
			sourceTree = "<group>";
		};
		ADFBADD12C5C0356002F3C63 /* Products */ = {
			isa = PBXGroup;
			children = (
				ADFBADD02C5C0356002F3C63 /* ToDoTests.app */,
				ADFBADE62C5C0359002F3C63 /* ToDoTestsTests.xctest */,
				ADFBADF02C5C0359002F3C63 /* ToDoTestsUITests.xctest */,
			);
			name = Products;
			sourceTree = "<group>";
		};
		ADFBADD22C5C0356002F3C63 /* ToDoTests */ = {
			isa = PBXGroup;
			children = (
				ADFBADD32C5C0356002F3C63 /* AppDelegate.swift */,
				ADFBADD52C5C0356002F3C63 /* SceneDelegate.swift */,
				ADFBADD72C5C0356002F3C63 /* ViewController.swift */,
				ADFBADD92C5C0356002F3C63 /* Main.storyboard */,
				ADFBADDC2C5C0359002F3C63 /* Assets.xcassets */,
				ADFBADDE2C5C0359002F3C63 /* LaunchScreen.storyboard */,
				ADFBADE12C5C0359002F3C63 /* Info.plist */,
				AD5129D72C611A1300AB8C53 /* ToDoItem.swift */,
			);
			path = ToDoTests;
			sourceTree = "<group>";
		};
		ADFBADE92C5C0359002F3C63 /* ToDoTestsTests */ = {
			isa = PBXGroup;
			children = (
				AD5129D52C6119E900AB8C53 /* ToDoItemTests.swift */,
				AD5129D42C6119E800AB8C53 /* ToDoTestsTests-Bridging-Header.h */,
			);
			path = ToDoTestsTests;
			sourceTree = "<group>";
		};
		ADFBADF32C5C0359002F3C63 /* ToDoTestsUITests */ = {
			isa = PBXGroup;
			children = (
				ADFBADF42C5C0359002F3C63 /* ToDoTestsUITests.swift */,
				ADFBADF62C5C0359002F3C63 /* ToDoTestsUITestsLaunchTests.swift */,
			);
			path = ToDoTestsUITests;
			sourceTree = "<group>";
		};
/* End PBXGroup section */

/* Begin PBXNativeTarget section */
		ADFBADCF2C5C0356002F3C63 /* ToDoTests */ = {
			isa = PBXNativeTarget;
			buildConfigurationList = ADFBADFA2C5C0359002F3C63 /* Build configuration list for PBXNativeTarget "ToDoTests" */;
			buildPhases = (
				ADFBADCC2C5C0356002F3C63 /* Sources */,
				ADFBADCD2C5C0356002F3C63 /* Frameworks */,
				ADFBADCE2C5C0356002F3C63 /* Resources */,
			);
			buildRules = (
			);
			dependencies = (
			);
			name = ToDoTests;
			productName = ToDoTests;
			productReference = ADFBADD02C5C0356002F3C63 /* ToDoTests.app */;
			productType = "com.apple.product-type.application";
		};
		ADFBADE52C5C0359002F3C63 /* ToDoTestsTests */ = {
			isa = PBXNativeTarget;
			buildConfigurationList = ADFBADFD2C5C0359002F3C63 /* Build configuration list for PBXNativeTarget "ToDoTestsTests" */;
			buildPhases = (
				ADFBADE22C5C0359002F3C63 /* Sources */,
				ADFBADE32C5C0359002F3C63 /* Frameworks */,
				ADFBADE42C5C0359002F3C63 /* Resources */,
			);
			buildRules = (
			);
			dependencies = (
				ADFBADE82C5C0359002F3C63 /* PBXTargetDependency */,
			);
			name = ToDoTestsTests;
			productName = ToDoTestsTests;
			productReference = ADFBADE62C5C0359002F3C63 /* ToDoTestsTests.xctest */;
			productType = "com.apple.product-type.bundle.unit-test";
		};
		ADFBADEF2C5C0359002F3C63 /* ToDoTestsUITests */ = {
			isa = PBXNativeTarget;
			buildConfigurationList = ADFBAE002C5C0359002F3C63 /* Build configuration list for PBXNativeTarget "ToDoTestsUITests" */;
			buildPhases = (
				ADFBADEC2C5C0359002F3C63 /* Sources */,
				ADFBADED2C5C0359002F3C63 /* Frameworks */,
				ADFBADEE2C5C0359002F3C63 /* Resources */,
			);
			buildRules = (
			);
			dependencies = (
				ADFBADF22C5C0359002F3C63 /* PBXTargetDependency */,
			);
			name = ToDoTestsUITests;
			productName = ToDoTestsUITests;
			productReference = ADFBADF02C5C0359002F3C63 /* ToDoTestsUITests.xctest */;
			productType = "com.apple.product-type.bundle.ui-testing";
		};
/* End PBXNativeTarget section */

/* Begin PBXProject section */
		ADFBADC82C5C0356002F3C63 /* Project object */ = {
			isa = PBXProject;
			attributes = {
				BuildIndependentTargetsInParallel = 1;
				LastSwiftUpdateCheck = 1530;
				LastUpgradeCheck = 1530;
				TargetAttributes = {
					ADFBADCF2C5C0356002F3C63 = {
						CreatedOnToolsVersion = 15.3;
					};
					ADFBADE52C5C0359002F3C63 = {
						CreatedOnToolsVersion = 15.3;
						LastSwiftMigration = 1530;
						TestTargetID = ADFBADCF2C5C0356002F3C63;
					};
					ADFBADEF2C5C0359002F3C63 = {
						CreatedOnToolsVersion = 15.3;
						TestTargetID = ADFBADCF2C5C0356002F3C63;
					};
				};
			};
			buildConfigurationList = ADFBADCB2C5C0356002F3C63 /* Build configuration list for PBXProject "ToDoTests" */;
			compatibilityVersion = "Xcode 14.0";
			developmentRegion = en;
			hasScannedForEncodings = 0;
			knownRegions = (
				en,
				Base,
			);
			mainGroup = ADFBADC72C5C0356002F3C63;
			productRefGroup = ADFBADD12C5C0356002F3C63 /* Products */;
			projectDirPath = "";
			projectRoot = "";
			targets = (
				ADFBADCF2C5C0356002F3C63 /* ToDoTests */,
				ADFBADE52C5C0359002F3C63 /* ToDoTestsTests */,
				ADFBADEF2C5C0359002F3C63 /* ToDoTestsUITests */,
			);
		};
/* End PBXProject section */

/* Begin PBXResourcesBuildPhase section */
		ADFBADCE2C5C0356002F3C63 /* Resources */ = {
			isa = PBXResourcesBuildPhase;
			buildActionMask = 2147483647;
			files = (
				ADFBADDD2C5C0359002F3C63 /* Assets.xcassets in Resources */,
				ADFBADE02C5C0359002F3C63 /* Base in Resources */,
				ADFBADDB2C5C0356002F3C63 /* Base in Resources */,
			);
			runOnlyForDeploymentPostprocessing = 0;
		};
		ADFBADE42C5C0359002F3C63 /* Resources */ = {
			isa = PBXResourcesBuildPhase;
			buildActionMask = 2147483647;
			files = (
			);
			runOnlyForDeploymentPostprocessing = 0;
		};
		ADFBADEE2C5C0359002F3C63 /* Resources */ = {
			isa = PBXResourcesBuildPhase;
			buildActionMask = 2147483647;
			files = (
			);
			runOnlyForDeploymentPostprocessing = 0;
		};
/* End PBXResourcesBuildPhase section */

/* Begin PBXSourcesBuildPhase section */
		ADFBADCC2C5C0356002F3C63 /* Sources */ = {
			isa = PBXSourcesBuildPhase;
			buildActionMask = 2147483647;
			files = (
				ADFBADD82C5C0356002F3C63 /* ViewController.swift in Sources */,
				ADFBADD42C5C0356002F3C63 /* AppDelegate.swift in Sources */,
				AD5129D82C611A1300AB8C53 /* ToDoItem.swift in Sources */,
				ADFBADD62C5C0356002F3C63 /* SceneDelegate.swift in Sources */,
			);
			runOnlyForDeploymentPostprocessing = 0;
		};
		ADFBADE22C5C0359002F3C63 /* Sources */ = {
			isa = PBXSourcesBuildPhase;
			buildActionMask = 2147483647;
			files = (
				AD5129D62C6119E900AB8C53 /* ToDoItemTests.swift in Sources */,
			);
			runOnlyForDeploymentPostprocessing = 0;
		};
		ADFBADEC2C5C0359002F3C63 /* Sources */ = {
			isa = PBXSourcesBuildPhase;
			buildActionMask = 2147483647;
			files = (
				ADFBADF72C5C0359002F3C63 /* ToDoTestsUITestsLaunchTests.swift in Sources */,
				ADFBADF52C5C0359002F3C63 /* ToDoTestsUITests.swift in Sources */,
			);
			runOnlyForDeploymentPostprocessing = 0;
		};
/* End PBXSourcesBuildPhase section */

/* Begin PBXTargetDependency section */
		ADFBADE82C5C0359002F3C63 /* PBXTargetDependency */ = {
			isa = PBXTargetDependency;
			target = ADFBADCF2C5C0356002F3C63 /* ToDoTests */;
			targetProxy = ADFBADE72C5C0359002F3C63 /* PBXContainerItemProxy */;
		};
		ADFBADF22C5C0359002F3C63 /* PBXTargetDependency */ = {
			isa = PBXTargetDependency;
			target = ADFBADCF2C5C0356002F3C63 /* ToDoTests */;
			targetProxy = ADFBADF12C5C0359002F3C63 /* PBXContainerItemProxy */;
		};
/* End PBXTargetDependency section */

/* Begin PBXVariantGroup section */
		ADFBADD92C5C0356002F3C63 /* Main.storyboard */ = {
			isa = PBXVariantGroup;
			children = (
				ADFBADDA2C5C0356002F3C63 /* Base */,
			);
			name = Main.storyboard;
			sourceTree = "<group>";
		};
		ADFBADDE2C5C0359002F3C63 /* LaunchScreen.storyboard */ = {
			isa = PBXVariantGroup;
			children = (
				ADFBADDF2C5C0359002F3C63 /* Base */,
			);
			name = LaunchScreen.storyboard;
			sourceTree = "<group>";
		};
/* End PBXVariantGroup section */

/* Begin XCBuildConfiguration section */
		ADFBADF82C5C0359002F3C63 /* Debug */ = {
			isa = XCBuildConfiguration;
			buildSettings = {
				ALWAYS_SEARCH_USER_PATHS = NO;
				ASSETCATALOG_COMPILER_GENERATE_SWIFT_ASSET_SYMBOL_EXTENSIONS = YES;
				CLANG_ANALYZER_NONNULL = YES;
				CLANG_ANALYZER_NUMBER_OBJECT_CONVERSION = YES_AGGRESSIVE;
				CLANG_CXX_LANGUAGE_STANDARD = "gnu++20";
				CLANG_ENABLE_MODULES = YES;
				CLANG_ENABLE_OBJC_ARC = YES;
				CLANG_ENABLE_OBJC_WEAK = YES;
				CLANG_WARN_BLOCK_CAPTURE_AUTORELEASING = YES;
				CLANG_WARN_BOOL_CONVERSION = YES;
				CLANG_WARN_COMMA = YES;
				CLANG_WARN_CONSTANT_CONVERSION = YES;
				CLANG_WARN_DEPRECATED_OBJC_IMPLEMENTATIONS = YES;
				CLANG_WARN_DIRECT_OBJC_ISA_USAGE = YES_ERROR;
				CLANG_WARN_DOCUMENTATION_COMMENTS = YES;
				CLANG_WARN_EMPTY_BODY = YES;
				CLANG_WARN_ENUM_CONVERSION = YES;
				CLANG_WARN_INFINITE_RECURSION = YES;
				CLANG_WARN_INT_CONVERSION = YES;
				CLANG_WARN_NON_LITERAL_NULL_CONVERSION = YES;
				CLANG_WARN_OBJC_IMPLICIT_RETAIN_SELF = YES;
				CLANG_WARN_OBJC_LITERAL_CONVERSION = YES;
				CLANG_WARN_OBJC_ROOT_CLASS = YES_ERROR;
				CLANG_WARN_QUOTED_INCLUDE_IN_FRAMEWORK_HEADER = YES;
				CLANG_WARN_RANGE_LOOP_ANALYSIS = YES;
				CLANG_WARN_STRICT_PROTOTYPES = YES;
				CLANG_WARN_SUSPICIOUS_MOVE = YES;
				CLANG_WARN_UNGUARDED_AVAILABILITY = YES_AGGRESSIVE;
				CLANG_WARN_UNREACHABLE_CODE = YES;
				CLANG_WARN__DUPLICATE_METHOD_MATCH = YES;
				COPY_PHASE_STRIP = NO;
				DEBUG_INFORMATION_FORMAT = dwarf;
				ENABLE_STRICT_OBJC_MSGSEND = YES;
				ENABLE_TESTABILITY = YES;
				ENABLE_USER_SCRIPT_SANDBOXING = YES;
				GCC_C_LANGUAGE_STANDARD = gnu17;
				GCC_DYNAMIC_NO_PIC = NO;
				GCC_NO_COMMON_BLOCKS = YES;
				GCC_OPTIMIZATION_LEVEL = 0;
				GCC_PREPROCESSOR_DEFINITIONS = (
					"DEBUG=1",
					"$(inherited)",
				);
				GCC_WARN_64_TO_32_BIT_CONVERSION = YES;
				GCC_WARN_ABOUT_RETURN_TYPE = YES_ERROR;
				GCC_WARN_UNDECLARED_SELECTOR = YES;
				GCC_WARN_UNINITIALIZED_AUTOS = YES_AGGRESSIVE;
				GCC_WARN_UNUSED_FUNCTION = YES;
				GCC_WARN_UNUSED_VARIABLE = YES;
				IPHONEOS_DEPLOYMENT_TARGET = 17.4;
				LOCALIZATION_PREFERS_STRING_CATALOGS = YES;
				MTL_ENABLE_DEBUG_INFO = INCLUDE_SOURCE;
				MTL_FAST_MATH = YES;
				ONLY_ACTIVE_ARCH = YES;
				SDKROOT = iphoneos;
				SWIFT_ACTIVE_COMPILATION_CONDITIONS = "DEBUG $(inherited)";
				SWIFT_OPTIMIZATION_LEVEL = "-Onone";
			};
			name = Debug;
		};
		ADFBADF92C5C0359002F3C63 /* Release */ = {
			isa = XCBuildConfiguration;
			buildSettings = {
				ALWAYS_SEARCH_USER_PATHS = NO;
				ASSETCATALOG_COMPILER_GENERATE_SWIFT_ASSET_SYMBOL_EXTENSIONS = YES;
				CLANG_ANALYZER_NONNULL = YES;
				CLANG_ANALYZER_NUMBER_OBJECT_CONVERSION = YES_AGGRESSIVE;
				CLANG_CXX_LANGUAGE_STANDARD = "gnu++20";
				CLANG_ENABLE_MODULES = YES;
				CLANG_ENABLE_OBJC_ARC = YES;
				CLANG_ENABLE_OBJC_WEAK = YES;
				CLANG_WARN_BLOCK_CAPTURE_AUTORELEASING = YES;
				CLANG_WARN_BOOL_CONVERSION = YES;
				CLANG_WARN_COMMA = YES;
				CLANG_WARN_CONSTANT_CONVERSION = YES;
				CLANG_WARN_DEPRECATED_OBJC_IMPLEMENTATIONS = YES;
				CLANG_WARN_DIRECT_OBJC_ISA_USAGE = YES_ERROR;
				CLANG_WARN_DOCUMENTATION_COMMENTS = YES;
				CLANG_WARN_EMPTY_BODY = YES;
				CLANG_WARN_ENUM_CONVERSION = YES;
				CLANG_WARN_INFINITE_RECURSION = YES;
				CLANG_WARN_INT_CONVERSION = YES;
				CLANG_WARN_NON_LITERAL_NULL_CONVERSION = YES;
				CLANG_WARN_OBJC_IMPLICIT_RETAIN_SELF = YES;
				CLANG_WARN_OBJC_LITERAL_CONVERSION = YES;
				CLANG_WARN_OBJC_ROOT_CLASS = YES_ERROR;
				CLANG_WARN_QUOTED_INCLUDE_IN_FRAMEWORK_HEADER = YES;
				CLANG_WARN_RANGE_LOOP_ANALYSIS = YES;
				CLANG_WARN_STRICT_PROTOTYPES = YES;
				CLANG_WARN_SUSPICIOUS_MOVE = YES;
				CLANG_WARN_UNGUARDED_AVAILABILITY = YES_AGGRESSIVE;
				CLANG_WARN_UNREACHABLE_CODE = YES;
				CLANG_WARN__DUPLICATE_METHOD_MATCH = YES;
				COPY_PHASE_STRIP = NO;
				DEBUG_INFORMATION_FORMAT = "dwarf-with-dsym";
				ENABLE_NS_ASSERTIONS = NO;
				ENABLE_STRICT_OBJC_MSGSEND = YES;
				ENABLE_USER_SCRIPT_SANDBOXING = YES;
				GCC_C_LANGUAGE_STANDARD = gnu17;
				GCC_NO_COMMON_BLOCKS = YES;
				GCC_WARN_64_TO_32_BIT_CONVERSION = YES;
				GCC_WARN_ABOUT_RETURN_TYPE = YES_ERROR;
				GCC_WARN_UNDECLARED_SELECTOR = YES;
				GCC_WARN_UNINITIALIZED_AUTOS = YES_AGGRESSIVE;
				GCC_WARN_UNUSED_FUNCTION = YES;
				GCC_WARN_UNUSED_VARIABLE = YES;
				IPHONEOS_DEPLOYMENT_TARGET = 17.4;
				LOCALIZATION_PREFERS_STRING_CATALOGS = YES;
				MTL_ENABLE_DEBUG_INFO = NO;
				MTL_FAST_MATH = YES;
				SDKROOT = iphoneos;
				SWIFT_COMPILATION_MODE = wholemodule;
				VALIDATE_PRODUCT = YES;
			};
			name = Release;
		};
		ADFBADFB2C5C0359002F3C63 /* Debug */ = {
			isa = XCBuildConfiguration;
			buildSettings = {
				ASSETCATALOG_COMPILER_APPICON_NAME = AppIcon;
				ASSETCATALOG_COMPILER_GLOBAL_ACCENT_COLOR_NAME = AccentColor;
				CODE_SIGN_STYLE = Automatic;
				CURRENT_PROJECT_VERSION = 1;
				GENERATE_INFOPLIST_FILE = YES;
				INFOPLIST_FILE = ToDoTests/Info.plist;
				INFOPLIST_KEY_UIApplicationSupportsIndirectInputEvents = YES;
				INFOPLIST_KEY_UILaunchStoryboardName = LaunchScreen;
				INFOPLIST_KEY_UIMainStoryboardFile = Main;
				INFOPLIST_KEY_UISupportedInterfaceOrientations_iPad = "UIInterfaceOrientationPortrait UIInterfaceOrientationPortraitUpsideDown UIInterfaceOrientationLandscapeLeft UIInterfaceOrientationLandscapeRight";
				INFOPLIST_KEY_UISupportedInterfaceOrientations_iPhone = "UIInterfaceOrientationPortrait UIInterfaceOrientationLandscapeLeft UIInterfaceOrientationLandscapeRight";
				LD_RUNPATH_SEARCH_PATHS = (
					"$(inherited)",
					"@executable_path/Frameworks",
				);
				MARKETING_VERSION = 1.0;
				PRODUCT_BUNDLE_IDENTIFIER = RamazanGasratov.ToDoTests;
				PRODUCT_NAME = "$(TARGET_NAME)";
				SWIFT_EMIT_LOC_STRINGS = YES;
				SWIFT_VERSION = 5.0;
				TARGETED_DEVICE_FAMILY = "1,2";
			};
			name = Debug;
		};
		ADFBADFC2C5C0359002F3C63 /* Release */ = {
			isa = XCBuildConfiguration;
			buildSettings = {
				ASSETCATALOG_COMPILER_APPICON_NAME = AppIcon;
				ASSETCATALOG_COMPILER_GLOBAL_ACCENT_COLOR_NAME = AccentColor;
				CODE_SIGN_STYLE = Automatic;
				CURRENT_PROJECT_VERSION = 1;
				GENERATE_INFOPLIST_FILE = YES;
				INFOPLIST_FILE = ToDoTests/Info.plist;
				INFOPLIST_KEY_UIApplicationSupportsIndirectInputEvents = YES;
				INFOPLIST_KEY_UILaunchStoryboardName = LaunchScreen;
				INFOPLIST_KEY_UIMainStoryboardFile = Main;
				INFOPLIST_KEY_UISupportedInterfaceOrientations_iPad = "UIInterfaceOrientationPortrait UIInterfaceOrientationPortraitUpsideDown UIInterfaceOrientationLandscapeLeft UIInterfaceOrientationLandscapeRight";
				INFOPLIST_KEY_UISupportedInterfaceOrientations_iPhone = "UIInterfaceOrientationPortrait UIInterfaceOrientationLandscapeLeft UIInterfaceOrientationLandscapeRight";
				LD_RUNPATH_SEARCH_PATHS = (
					"$(inherited)",
					"@executable_path/Frameworks",
				);
				MARKETING_VERSION = 1.0;
				PRODUCT_BUNDLE_IDENTIFIER = RamazanGasratov.ToDoTests;
				PRODUCT_NAME = "$(TARGET_NAME)";
				SWIFT_EMIT_LOC_STRINGS = YES;
				SWIFT_VERSION = 5.0;
				TARGETED_DEVICE_FAMILY = "1,2";
			};
			name = Release;
		};
		ADFBADFE2C5C0359002F3C63 /* Debug */ = {
			isa = XCBuildConfiguration;
			buildSettings = {
				ALWAYS_EMBED_SWIFT_STANDARD_LIBRARIES = YES;
				BUNDLE_LOADER = "$(TEST_HOST)";
				CLANG_ENABLE_MODULES = YES;
				CODE_SIGN_STYLE = Automatic;
				CURRENT_PROJECT_VERSION = 1;
				GENERATE_INFOPLIST_FILE = YES;
				IPHONEOS_DEPLOYMENT_TARGET = 17.4;
				MARKETING_VERSION = 1.0;
				PRODUCT_BUNDLE_IDENTIFIER = RamazanGasratov.ToDoTestsTests;
				PRODUCT_NAME = "$(TARGET_NAME)";
				SWIFT_EMIT_LOC_STRINGS = NO;
				SWIFT_OBJC_BRIDGING_HEADER = "ToDoTestsTests/ToDoTestsTests-Bridging-Header.h";
				SWIFT_OPTIMIZATION_LEVEL = "-Onone";
				SWIFT_VERSION = 5.0;
				TARGETED_DEVICE_FAMILY = "1,2";
				TEST_HOST = "$(BUILT_PRODUCTS_DIR)/ToDoTests.app/$(BUNDLE_EXECUTABLE_FOLDER_PATH)/ToDoTests";
			};
			name = Debug;
		};
		ADFBADFF2C5C0359002F3C63 /* Release */ = {
			isa = XCBuildConfiguration;
			buildSettings = {
				ALWAYS_EMBED_SWIFT_STANDARD_LIBRARIES = YES;
				BUNDLE_LOADER = "$(TEST_HOST)";
				CLANG_ENABLE_MODULES = YES;
				CODE_SIGN_STYLE = Automatic;
				CURRENT_PROJECT_VERSION = 1;
				GENERATE_INFOPLIST_FILE = YES;
				IPHONEOS_DEPLOYMENT_TARGET = 17.4;
				MARKETING_VERSION = 1.0;
				PRODUCT_BUNDLE_IDENTIFIER = RamazanGasratov.ToDoTestsTests;
				PRODUCT_NAME = "$(TARGET_NAME)";
				SWIFT_EMIT_LOC_STRINGS = NO;
				SWIFT_OBJC_BRIDGING_HEADER = "ToDoTestsTests/ToDoTestsTests-Bridging-Header.h";
				SWIFT_VERSION = 5.0;
				TARGETED_DEVICE_FAMILY = "1,2";
				TEST_HOST = "$(BUILT_PRODUCTS_DIR)/ToDoTests.app/$(BUNDLE_EXECUTABLE_FOLDER_PATH)/ToDoTests";
			};
			name = Release;
		};
		ADFBAE012C5C0359002F3C63 /* Debug */ = {
			isa = XCBuildConfiguration;
			buildSettings = {
				ALWAYS_EMBED_SWIFT_STANDARD_LIBRARIES = YES;
				CODE_SIGN_STYLE = Automatic;
				CURRENT_PROJECT_VERSION = 1;
				GENERATE_INFOPLIST_FILE = YES;
				MARKETING_VERSION = 1.0;
				PRODUCT_BUNDLE_IDENTIFIER = RamazanGasratov.ToDoTestsUITests;
				PRODUCT_NAME = "$(TARGET_NAME)";
				SWIFT_EMIT_LOC_STRINGS = NO;
				SWIFT_VERSION = 5.0;
				TARGETED_DEVICE_FAMILY = "1,2";
				TEST_TARGET_NAME = ToDoTests;
			};
			name = Debug;
		};
		ADFBAE022C5C0359002F3C63 /* Release */ = {
			isa = XCBuildConfiguration;
			buildSettings = {
				ALWAYS_EMBED_SWIFT_STANDARD_LIBRARIES = YES;
				CODE_SIGN_STYLE = Automatic;
				CURRENT_PROJECT_VERSION = 1;
				GENERATE_INFOPLIST_FILE = YES;
				MARKETING_VERSION = 1.0;
				PRODUCT_BUNDLE_IDENTIFIER = RamazanGasratov.ToDoTestsUITests;
				PRODUCT_NAME = "$(TARGET_NAME)";
				SWIFT_EMIT_LOC_STRINGS = NO;
				SWIFT_VERSION = 5.0;
				TARGETED_DEVICE_FAMILY = "1,2";
				TEST_TARGET_NAME = ToDoTests;
			};
			name = Release;
		};
/* End XCBuildConfiguration section */

/* Begin XCConfigurationList section */
		ADFBADCB2C5C0356002F3C63 /* Build configuration list for PBXProject "ToDoTests" */ = {
			isa = XCConfigurationList;
			buildConfigurations = (
				ADFBADF82C5C0359002F3C63 /* Debug */,
				ADFBADF92C5C0359002F3C63 /* Release */,
			);
			defaultConfigurationIsVisible = 0;
			defaultConfigurationName = Release;
		};
		ADFBADFA2C5C0359002F3C63 /* Build configuration list for PBXNativeTarget "ToDoTests" */ = {
			isa = XCConfigurationList;
			buildConfigurations = (
				ADFBADFB2C5C0359002F3C63 /* Debug */,
				ADFBADFC2C5C0359002F3C63 /* Release */,
			);
			defaultConfigurationIsVisible = 0;
			defaultConfigurationName = Release;
		};
		ADFBADFD2C5C0359002F3C63 /* Build configuration list for PBXNativeTarget "ToDoTestsTests" */ = {
			isa = XCConfigurationList;
			buildConfigurations = (
				ADFBADFE2C5C0359002F3C63 /* Debug */,
				ADFBADFF2C5C0359002F3C63 /* Release */,
			);
			defaultConfigurationIsVisible = 0;
			defaultConfigurationName = Release;
		};
		ADFBAE002C5C0359002F3C63 /* Build configuration list for PBXNativeTarget "ToDoTestsUITests" */ = {
			isa = XCConfigurationList;
			buildConfigurations = (
				ADFBAE012C5C0359002F3C63 /* Debug */,
				ADFBAE022C5C0359002F3C63 /* Release */,
			);
			defaultConfigurationIsVisible = 0;
			defaultConfigurationName = Release;
		};
/* End XCConfigurationList section */
	};
	rootObject = ADFBADC82C5C0356002F3C63 /* Project object */;
}
